
Microsoft Visual Studio Solution File, Format Version 12.00
# Visual Studio Version 17
VisualStudioVersion = 17.13.35825.156
MinimumVisualStudioVersion = 10.0.40219.1
Project("{FAE04EC0-301F-11D3-BF4B-00C04F79EFBC}") = "BibliotecaFarmacia", "BibliotecaFarmacia.csproj", "{F3F060E6-84C2-451D-BE5E-91CD1C05B0D7}"
EndProject
Global
	GlobalSection(SolutionConfigurationPlatforms) = preSolution
		Debug|Any CPU = Debug|Any CPU
		Release|Any CPU = Release|Any CPU
	EndGlobalSection
	GlobalSection(ProjectConfigurationPlatforms) = postSolution
		{F3F060E6-84C2-451D-BE5E-91CD1C05B0D7}.Debug|Any CPU.ActiveCfg = Debug|Any CPU
		{F3F060E6-84C2-451D-BE5E-91CD1C05B0D7}.Debug|Any CPU.Build.0 = Debug|Any CPU
		{F3F060E6-84C2-451D-BE5E-91CD1C05B0D7}.Release|Any CPU.ActiveCfg = Release|Any CPU
		{F3F060E6-84C2-451D-BE5E-91CD1C05B0D7}.Release|Any CPU.Build.0 = Release|Any CPU
	EndGlobalSection
	GlobalSection(SolutionProperties) = preSolution
		HideSolutionNode = FALSE
	EndGlobalSection
	GlobalSection(ExtensibilityGlobals) = postSolution
		SolutionGuid = {CADE6C23-6387-49F0-B37B-290063E491E9}
	EndGlobalSection
EndGlobal
